
Microsoft Visual Studio Solution File, Format Version 12.00
# Visual Studio Version 17
VisualStudioVersion = 17.5.002.0
MinimumVisualStudioVersion = 10.0.40219.1
Project("{9A19103F-16F7-4668-BE54-9A1E7A4F7556}") = "WebApi7", "WebApi7.csproj", "{B8414D13-4EAC-46FC-B585-99D056AE755A}"
EndProject
Global
	GlobalSection(SolutionConfigurationPlatforms) = preSolution
		Debug|Any CPU = Debug|Any CPU
		Release|Any CPU = Release|Any CPU
	EndGlobalSection
	GlobalSection(ProjectConfigurationPlatforms) = postSolution
		{B8414D13-4EAC-46FC-B585-99D056AE755A}.Debug|Any CPU.ActiveCfg = Debug|Any CPU
		{B8414D13-4EAC-46FC-B585-99D056AE755A}.Debug|Any CPU.Build.0 = Debug|Any CPU
		{B8414D13-4EAC-46FC-B585-99D056AE755A}.Release|Any CPU.ActiveCfg = Release|Any CPU
		{B8414D13-4EAC-46FC-B585-99D056AE755A}.Release|Any CPU.Build.0 = Release|Any CPU
	EndGlobalSection
	GlobalSection(SolutionProperties) = preSolution
		HideSolutionNode = FALSE
	EndGlobalSection
	GlobalSection(ExtensibilityGlobals) = postSolution
		SolutionGuid = {A5D053AE-58CF-47C9-AEF0-1F3503A22ACF}
	EndGlobalSection
EndGlobal
